version = 1
revision = 3
requires-python = "==3.12.*"

[[package]]
name = "arro3-core"
version = "0.8.2"
source = { registry = "https://pypi.org/simple" }
sdist = { url = "https://files.pythonhosted.org/packages/f6/68/db11c4ad146cc6625b68c3e33e4370de759950babbaac5b74a41164c91f9/arro3_core-0.8.2.tar.gz", hash = "sha256:51eac10b2113623a452b44480844a4edbd17bfc83f4545b56e1240636b7c2334", size = 92831, upload-time = "2026-09-03T08:03:30.386Z" }
wheels = [
    { url = "https://files.pythonhosted.org/packages/61/fa/733457381266baa8ccd9dc916dcfee712d28d654be288c9a361cb77d2ad0/arro3_core-0.8.2-cp311-abi3-macosx_10_12_x86_64.whl", hash = "sha256:f11104bccd3a6f210f8c1cf4d182ad8aaeca0f82f62c39a3b2f8f21c63b32cb3", size = 2998398, upload-time = "2026-09-03T08:01:58.841Z" },
    { url = "https://files.pythonhosted.org/packages/28/30/cb2a2d09ee2829dd6aa16fb6df93729fe17d8ee4c01d56dfa87fa8c07a7d/arro3_core-0.8.2-cp311-abi3-macosx_11_0_arm64.whl", hash = "sha256:c440eb44ab78397a783e4429490102967008a8b2383bd0f70433f4594689a7ee", size = 2754039, upload-time = "2026-09-03T08:02:00.559Z" },
    { url = "https://files.pythonhosted.org/packages/82/27/384014251ac0d3f5c5b76ce816355dba2223e29564fab8d80b25f5462863/arro3_core-0.8.2-cp311-abi3-manylinux_2_17_armv7l.manylinux2014_armv7l.whl", hash = "sha256:6c48f9f2230f0869982021e7b92794456ffca99320565b7519fecd770e798cba", size = 3223780, upload-time = "2026-09-03T08:02:02.173Z" },
    { url = "https://files.pythonhosted.org/packages/95/3c/e6dc5ae989d000159fed1172378efc9e8c49c17a9f52b1e724da507483e4/arro3_core-0.8.2-cp311-abi3-manylinux_2_17_ppc64le.manylinux2014_ppc64le.whl", hash = "sha256:6fbc60e277021b4d78dce1adaa2988040cbfb7ddf358ee5fa66ae30a96f3b184", size = 3335234, upload-time = "2026-09-03T08:02:04.401Z" },
    { url = "https://files.pythonhosted.org/packages/38/d3/0b10a3e4617094494df3243f71092b5a210da0d3773d813ca2d5068fb763/arro3_core-0.8.2-cp311-abi3-manylinux_2_17_s390x.manylinux2014_s390x.whl", hash = "sha256:f51a5924a6503360cbc679015e1df88ce2515a3dd2cae3cf52c076f84be255ed", size = 3476780, upload-time = "2026-09-03T08:02:06.069Z" },
    { url = "https://files.pythonhosted.org/packages/d9/13/2adc42096a1b165064cabf17515e6cc7aa5490e71c3e570ff579f921e09f/arro3_core-0.8.2-cp311-abi3-manylinux_2_17_x86_64.manylinux2014_x86_64.whl", hash = "sha256:5c5b361bf1a483536047bbf22568baeae66d72bb2c265d2ac4d45ef51f23c921", size = 3139773, upload-time = "2026-09-03T08:02:07.658Z" },
    { url = "https://files.pythonhosted.org/packages/ed/f4/b80b73004a713de878b0ee0348154db78b3c32f5156240035670d8811fa1/arro3_core-0.8.2-cp311-abi3-manylinux_2_24_aarch64.whl", hash = "sha256:f0bcfddba1a461dc2b2edbbd814642c22492dfc2476d69efa3ab65dcdbfb6b9c", size = 2908405, upload-time = "2026-09-03T08:02:09.082Z" },
    { url = "https://files.pythonhosted.org/packages/76/43/cf253c6fc47202cfc899b2d115265c28e2dc7873e03fa27324a0b3a2355f/arro3_core-0.8.2-cp311-abi3-manylinux_2_5_i686.manylinux1_i686.whl", hash = "sha256:2618873ff8dd2d5141978cb43b5fe1ef095981ba957c456df680664e6d22c130", size = 3372617, upload-time = "2026-09-03T08:02:10.477Z" },
    { url = "https://files.pythonhosted.org/packages/d6/6c/987d09b09afe515af67a3523325ff1ba111b16cebb3c81deeca794dcc30a/arro3_core-0.8.2-cp311-abi3-musllinux_1_2_aarch64.whl", hash = "sha256:fbf5b07ebba94ea5fab381c9366217f78152705222a94ae00c97360333d9305d", size = 3088499, upload-time = "2026-09-03T08:02:12.042Z" },
    { url = "https://files.pythonhosted.org/packages/83/85/b6189b91ef1a25c9208cbbe58cacc42293c84309eb7fd2deaca02870a68a/arro3_core-0.8.2-cp311-abi3-musllinux_1_2_armv7l.whl", hash = "sha256:0ef906334704039f78d25c1beab653e3ec46ed14c8583f7c1e4e24d0a8f28b8d", size = 3502723, upload-time = "2026-09-03T08:02:13.511Z" },
    { url = "https://files.pythonhosted.org/packages/5f/d7/ae3bd97c2ebc9a79508c6789dcba9bfacd87d59ce67ee519b9651e2e808a/arro3_core-0.8.2-cp311-abi3-musllinux_1_2_i686.whl", hash = "sha256:836e32d604cdcad0e1943bbeeebcb5ae8211e19e661071358ea5a8443b8ae854", size = 3474134, upload-time = "2026-09-03T08:02:15.188Z" },
    { url = "https://files.pythonhosted.org/packages/8b/32/0d5e4b03b9564a7c58726c5b2b9591952a13cf5c84716adccb7669f88a1c/arro3_core-0.8.2-cp311-abi3-musllinux_1_2_x86_64.whl", hash = "sha256:b74963ca517a940632020a04f3613321d7bb198c9ed2e193590d27c592ae9853", size = 3359886, upload-time = "2026-09-03T08:02:16.731Z" },
    { url = "https://files.pythonhosted.org/packages/24/5a/85edfa131fe52bcb33c9c9e9eab10dec197f039a74e05121d30784a205cd/arro3_core-0.8.2-cp311-abi3-win_amd64.whl", hash = "sha256:195d1003303e050da262b0727d107a2aa7271216f60283fff925612dd7d45c95", size = 3311607, upload-time = "2026-09-03T08:02:18.337Z" },
    { url = "https://files.pythonhosted.org/packages/a2/18/73fe6503a3a657a6ccde27d4917e95a52525adc19f981b978b208675d579/arro3_core-0.8.2-cp311-abi3-win_arm64.whl", hash = "sha256:6a57975132c3ee967be1c2a8dd3950ac17990a38b9774f671b78c66395e6d90f", size = 2961638, upload-time = "2026-09-03T08:02:20.158Z" },
]

[[package]]
name = "deltalake"
version = "1.6.3"
source = { registry = "https://pypi.org/simple" }
dependencies = [
    { name = "arro3-core" },
    { name = "deprecated" },
]
sdist = { url = "https://files.pythonhosted.org/packages/08/ca/62354ebb384806b3496b25708ac605af54c5ed11cb2a8111ea1892aec9c9/deltalake-1.6.3.tar.gz", hash = "sha256:b7176c9d2a48b3ad339902e6216cdde813857b9628ef53e972889c71d2836fc4", size = 5556567, upload-time = "2026-08-21T19:07:33.7Z" }
wheels = [
    { url = "https://files.pythonhosted.org/packages/e8/26/048812e37921a88935fc75811905dab15a97fc76570a7f6716e68b855cce/deltalake-1.6.3-cp310-abi3-macosx_10_12_x86_64.whl", hash = "sha256:c25928df2a30a19dec3f86ffd931fd59b7f175b5781ba998b34001eb4d49e1f7", size = 50660228, upload-time = "2026-08-21T20:17:39.96Z" },
    { url = "https://files.pythonhosted.org/packages/50/54/56c21b2c7dcee35ad84fcd4aeb73043440320e7ed0114185610a4dd96e14/deltalake-1.6.3-cp310-abi3-macosx_11_0_arm64.whl", hash = "sha256:8cec745b5dff6581c0b26c5136e3f9eea7ac715a684fe4459b5c37c66407ae02", size = 46966574, upload-time = "2026-08-21T20:16:22.369Z" },
    { url = "https://files.pythonhosted.org/packages/9b/d8/68505832d7fdf3cae5f4bcf5bb1d7fb31a8e07f909515bf845b09b3ec58c/deltalake-1.6.3-cp310-abi3-manylinux_2_17_x86_64.manylinux2014_x86_64.whl", hash = "sha256:1a5163ed5550f5b83ba6f9a95b5e3dff09934a3165fb80ee0ab8e5919782ac6c", size = 51885971, upload-time = "2026-08-21T19:40:39.213Z" },
    { url = "https://files.pythonhosted.org/packages/6a/5a/18a21ca1b75228e2a5655616e2493f7dfe7c75397c5b7a616299342feeae/deltalake-1.6.3-cp310-abi3-manylinux_2_28_aarch64.whl", hash = "sha256:d5aa5f89367deca941ed5e8496b6f6521b42ff0380609ff7a02f771ae9ae7abe", size = 50801364, upload-time = "2026-08-21T19:26:16.964Z" },
    { url = "https://files.pythonhosted.org/packages/7a/e0/038b81370988e47e80e8e243355a49c3f58c20624375df6c5140f922dfd1/deltalake-1.6.3-cp310-abi3-musllinux_1_2_aarch64.whl", hash = "sha256:8f2de230b5cd979b3b984db3b9a24bf14722d4b46a4d062b41fe3fd2e5bfbd68", size = 50802730, upload-time = "2026-08-21T19:26:21.044Z" },
    { url = "https://files.pythonhosted.org/packages/5e/c2/5cf8b65d6ddb2a3b0b0b1f4359ddbfba1afa93764bb6e19fc4d31dd8dba8/deltalake-1.6.3-cp310-abi3-musllinux_1_2_x86_64.whl", hash = "sha256:b51d0109b0a86b336c7254a01495536d69c72593663d8de0bc320aa4523c0502", size = 51904607, upload-time = "2026-08-21T19:39:05.074Z" },
    { url = "https://files.pythonhosted.org/packages/63/91/28cb7e0edf10f05f1025e2b4bb0085a1b23aa11472c06e43f1c5897c183e/deltalake-1.6.3-cp310-abi3-win_amd64.whl", hash = "sha256:7920a60510376f3c90feb62d182063b0202f117411e73ff9f23ffe969b800dce", size = 55409423, upload-time = "2026-08-21T20:04:36.967Z" },
]

[[package]]
name = "deprecated"
version = "1.3.1"
source = { registry = "https://pypi.org/simple" }
dependencies = [
    { name = "wrapt" },
]
sdist = { url = "https://files.pythonhosted.org/packages/49/85/12f0a49a7c4ffb70572b6c2ef13c90c88fd190debda93b23f026b25f9634/deprecated-1.3.1.tar.gz", hash = "sha256:b1b50e0ff0c1fddaa5708a2c6b0a6588bb09b892825ab2b214ac9ea9d92a5223", size = 2932523, upload-time = "2025-10-30T08:19:02.757Z" }
wheels = [
    { url = "https://files.pythonhosted.org/packages/84/d0/205d54408c08b13550c733c4b85429e7ead111c7f0014309637425520a9a/deprecated-1.3.1-py2.py3-none-any.whl", hash = "sha256:597bfef186b6f60181535a29fbe44865ce137a5079f295b479886c82729d5f3f", size = 11298, upload-time = "2025-10-30T08:19:00.758Z" },
]

[[package]]
name = "lakehouse-runtime"
version = "0.2.0"
source = { editable = "." }
dependencies = [
    { name = "deltalake" },
    { name = "pyarrow" },
]

[package.metadata]
requires-dist = [
    { name = "deltalake", specifier = "==1.6.3" },
    { name = "pyarrow", specifier = "==25.0.1" },
]

[[package]]
name = "pyarrow"
version = "25.0.1"
source = { registry = "https://pypi.org/simple" }
sdist = { url = "https://files.pythonhosted.org/packages/3d/e3/27f57f80141379d60defe6703eb50a707325706f07fedfd1312c7a751995/pyarrow-25.0.1.tar.gz", hash = "sha256:9150a83248bfed9813ea3c3af74c3856c1984d444aa28e58bf7733b9750ddf6a", size = 1201653, upload-time = "2026-08-10T12:40:53.904Z" }
wheels = [
    { url = "https://files.pythonhosted.org/packages/a6/e2/9ab15b88cbfac28e16419ce5439ec29234c5172cb8259301b4ba639bdec0/pyarrow-25.0.1-cp312-cp312-macosx_12_0_arm64.whl", hash = "sha256:df961f2e7ae9cf496459259d798652c70625f6c080650d6952f8c04053c58ee9", size = 35861559, upload-time = "2026-08-10T12:38:02.567Z" },
    { url = "https://files.pythonhosted.org/packages/58/79/a0036dbe1eabe1f73127427342f1d99982584c4a2cde2651d6c93499c6f6/pyarrow-25.0.1-cp312-cp312-macosx_12_0_x86_64.whl", hash = "sha256:cc4aa407fde9fc660be3939e49ea31f50f3e9fec17c0ec63159f7711edd3efc9", size = 37628383, upload-time = "2026-08-10T12:38:09.083Z" },
    { url = "https://files.pythonhosted.org/packages/13/49/d93a57d375f4bf0cf82913dd6bb54acafde83dd993be2282c81ac5616cad/pyarrow-25.0.1-cp312-cp312-manylinux_2_28_aarch64.whl", hash = "sha256:4340f0ba6c1d2e13f21658de1d7c662ca2545018568d0030a1e9afca159d87e3", size = 46820190, upload-time = "2026-08-10T12:38:15.458Z" },
    { url = "https://files.pythonhosted.org/packages/60/c9/711ca85d79f1ec98f29a5eae2b051e25b4ecec5de3e3c0e2d5c5dcb15664/pyarrow-25.0.1-cp312-cp312-manylinux_2_28_x86_64.whl", hash = "sha256:5389cdf79447ed1515c9e31620e6e1e2302249564d603f2ad727d4f6d313e4c3", size = 50102437, upload-time = "2026-08-10T12:38:22.487Z" },
    { url = "https://files.pythonhosted.org/packages/80/53/8fb8359ff17cfb6263a1cf3ebf7caec9fe197de118719e84fcb1d0618026/pyarrow-25.0.1-cp312-cp312-musllinux_1_2_aarch64.whl", hash = "sha256:d51592cb7561e87877c506113e7adbf1342ab579e6c21f0ef44b8ba41cb74c80", size = 49942424, upload-time = "2026-08-10T12:38:28.755Z" },
    { url = "https://files.pythonhosted.org/packages/e8/83/4e5ae02a9341571b18a6fca380ac7a58ce6ddae7ab3c060208c0a1e79f02/pyarrow-25.0.1-cp312-cp312-musllinux_1_2_x86_64.whl", hash = "sha256:6109c94d8b9f3b17a041daca16cacb2f651ad8f1ef70a4232c2c0f37a23da2a8", size = 53144206, upload-time = "2026-08-10T12:38:34.862Z" },
    { url = "https://files.pythonhosted.org/packages/65/ee/197cbf47e49f83e6ebeb946a5259a48a638dea27ac774db42fe78022179d/pyarrow-25.0.1-cp312-cp312-win_amd64.whl", hash = "sha256:8858d7bfc22e3f51529aeaa4077225029724623e4595dc9eff8c793935c34140", size = 27953934, upload-time = "2026-08-10T12:38:39.808Z" },
]

[[package]]
name = "wrapt"
version = "2.4.0"
source = { registry = "https://pypi.org/simple" }
sdist = { url = "https://files.pythonhosted.org/packages/65/ba/8dc25478ed234dacc7d83c671634f347d0bdfb65bf0502f41879cf2f15a9/wrapt-2.4.0.tar.gz", hash = "sha256:7082fc1f94b020ac275870c4af71b09cff22876fe6e9c4c0ad01ea21d217b288", size = 161179, upload-time = "2026-08-30T04:41:51.424Z" }
wheels = [
    { url = "https://files.pythonhosted.org/packages/f0/22/581a0b44349d5babe526c958f365b8126e0fbd8fc2810e80446c47358050/wrapt-2.4.0-cp312-cp312-macosx_10_13_x86_64.whl", hash = "sha256:ef4e2d6e399ce6eecc80179a6b9ef6544f121288f95fc132bc36c9d9503903af", size = 96374, upload-time = "2026-08-30T04:39:42.335Z" },
    { url = "https://files.pythonhosted.org/packages/5d/90/095984648cec62a786bb27c0b50f6cfa5856d1e073ba1006fe148d190084/wrapt-2.4.0-cp312-cp312-macosx_11_0_arm64.whl", hash = "sha256:6b9b32d5e4f0a179cef5075cc79b79d6d3482c44c434c12969e48c6719e06d95", size = 96178, upload-time = "2026-08-30T04:39:43.789Z" },
    { url = "https://files.pythonhosted.org/packages/f8/fd/b20e3cb3cab35131b515edf18e8cd777dff680fc76fc00919481f4e536af/wrapt-2.4.0-cp312-cp312-manylinux1_x86_64.manylinux_2_28_x86_64.manylinux_2_5_x86_64.whl", hash = "sha256:d7dbbdbfdacb85c2d962fa52db791c77943fd777d600d74c95af2d53b32f5a94", size = 227806, upload-time = "2026-08-30T04:39:45.264Z" },
    { url = "https://files.pythonhosted.org/packages/08/75/c8dfba5e0caf17cd0718a0cbbe76cb85e637a2d65183fb728232419f6fca/wrapt-2.4.0-cp312-cp312-manylinux2014_aarch64.manylinux_2_17_aarch64.manylinux_2_28_aarch64.whl", hash = "sha256:39cd68df4dff79f5336f9c745c06259d204bcb42d504040c9c91eac9e2abb39c", size = 229004, upload-time = "2026-08-30T04:39:47.068Z" },
    { url = "https://files.pythonhosted.org/packages/42/05/d4853fbd33e5860b10d5aec690f563547a92a82e61fb8bb2d4ece1ce3570/wrapt-2.4.0-cp312-cp312-manylinux_2_31_riscv64.manylinux_2_39_riscv64.whl", hash = "sha256:2a9f1a2f75bb95257cc5744e255e10a5a86e923f328b40ad3dbf9d8d03430013", size = 208934, upload-time = "2026-08-30T04:39:48.73Z" },
    { url = "https://files.pythonhosted.org/packages/a3/66/23d0e8de9b411fd198af5121627587563657370c8d509fbe5ea8adb3df79/wrapt-2.4.0-cp312-cp312-musllinux_1_2_aarch64.whl", hash = "sha256:8763ad01e3725b7751a4575f38bbcc19c0aa0822fec91c5c5bd21ce3ce7e1d2b", size = 225709, upload-time = "2026-08-30T04:39:50.287Z" },
    { url = "https://files.pythonhosted.org/packages/01/37/3b357bc90530d510ae59ae7ac48265c482ae899e47637ca4436645688b40/wrapt-2.4.0-cp312-cp312-musllinux_1_2_riscv64.whl", hash = "sha256:9125c6dbe8b88c00dd8ef4fc1e55757e8eb4720b6b2b2cc610a45bd32bd28c57", size = 207090, upload-time = "2026-08-30T04:39:51.78Z" },
    { url = "https://files.pythonhosted.org/packages/6d/0c/d8a5c6dbcc2d221308223bcea4130c6332454a855cb4dbd5dcb2360b13b2/wrapt-2.4.0-cp312-cp312-musllinux_1_2_x86_64.whl", hash = "sha256:28f5de1526831b8f173889a436e289fe181ede8c66c9feb669d1aca8fd602eaf", size = 216269, upload-time = "2026-08-30T04:39:53.641Z" },
    { url = "https://files.pythonhosted.org/packages/92/93/cc9fc8fef1d3d25edaa1c2dc2337b556dc1d0613ddc1c4a6fe9ee08ad705/wrapt-2.4.0-cp312-cp312-win32.whl", hash = "sha256:a9ca1cdb3f7facb4990c7739ea5afbaceeb6728d066feedde03a4cfe83b29b03", size = 91187, upload-time = "2026-08-30T04:39:55.38Z" },
    { url = "https://files.pythonhosted.org/packages/ad/ec/a7b10705172bdb669b9687a8ff68bbe5f566437d2a49ad6d976af48b6d10/wrapt-2.4.0-cp312-cp312-win_amd64.whl", hash = "sha256:8b464316489fb2fca0669ea0f8f07290054a0f26fc72982d3e4cf95469628ba9", size = 96423, upload-time = "2026-08-30T04:39:56.81Z" },
    { url = "https://files.pythonhosted.org/packages/83/7a/e838ac6463a1a1a1817b2f184ee2aa20c54692b80368c5063403c8d2461c/wrapt-2.4.0-cp312-cp312-win_arm64.whl", hash = "sha256:db1285071ea09a7767fac608e7b5c7b03c09833b06186875a359905fbc659d29", size = 93003, upload-time = "2026-08-30T04:39:58.237Z" },
    { url = "https://files.pythonhosted.org/packages/79/c8/fafe0002f572ced999c792cfe8b05d39269c63d8193d15d25bd828bcad7a/wrapt-2.4.0-py3-none-any.whl", hash = "sha256:18aabd9301d06026f5900538051773d6f87f65ae02cdc60de482df978513dc0a", size = 73713, upload-time = "2026-08-30T04:41:49.805Z" },
]
